{
  "version": 4,
  "terraform_version": "1.12.0",
  "serial": 25,
  "lineage": "4af9b79c-fd07-827c-5198-ae46c03cff93",
  "outputs": {
    "github_action_role_arns": {
      "value": {
        "dev": "arn:aws:iam::749770058555:role/dev-GitHubActions",
        "prod": "arn:aws:iam::749770058555:role/prod-GitHubActions",
        "staging": "arn:aws:iam::749770058555:role/staging-GitHubActions"
      },
      "type": [
        "object",
        {
          "dev": "string",
          "prod": "string",
          "staging": "string"
        }
      ]
    }
  },
  "resources": [
    {
      "mode": "data",
      "type": "aws_caller_identity",
      "name": "current",
      "provider": "provider[\"registry.terraform.io/hashicorp/aws\"]",
      "instances": [
        {
          "schema_version": 0,
          "attributes": {
            "account_id": "749770058555",
            "arn": "arn:aws:iam::749770058555:user/PowerUserAccess",
            "id": "749770058555",
            "user_id": "AIDA25EOHFM56CQMAF5SE"
          },
          "sensitive_attributes": [],
          "identity_schema_version": 0
        }
      ]
    },
    {
      "mode": "managed",
      "type": "aws_iam_openid_connect_provider",
      "name": "github_actions",
      "provider": "provider[\"registry.terraform.io/hashicorp/aws\"]",
      "instances": [
        {
          "schema_version": 0,
          "attributes": {
            "arn": "arn:aws:iam::749770058555:oidc-provider/token.actions.githubusercontent.com",
            "client_id_list": [
              "sts.amazonaws.com"
            ],
            "id": "arn:aws:iam::749770058555:oidc-provider/token.actions.githubusercontent.com",
            "tags": {},
            "tags_all": {},
            "thumbprint_list": [
              "6938fd4d98bab03faadb97b34396831e3780aea1"
            ],
            "url": "token.actions.githubusercontent.com"
          },
          "sensitive_attributes": [],
          "identity_schema_version": 0,
          "private": "bnVsbA=="
        }
      ]
    },
    {
      "mode": "managed",
      "type": "aws_iam_policy",
      "name": "github_actions",
      "provider": "provider[\"registry.terraform.io/hashicorp/aws\"]",
      "instances": [
        {
          "index_key": "dev",
          "schema_version": 0,
          "attributes": {
            "arn": "arn:aws:iam::749770058555:policy/dev-GitHubActionsPolicy",
            "attachment_count": 1,
            "description": "Policy for GitHub Actions to deploy resources for dev environment",
            "id": "arn:aws:iam::749770058555:policy/dev-GitHubActionsPolicy",
            "name": "dev-GitHubActionsPolicy",
            "name_prefix": "",
            "path": "/",
            "policy": "{\"Statement\":[{\"Action\":[\"s3:GetObject\",\"s3:PutObject\",\"s3:ListBucket\",\"dynamodb:GetItem\",\"dynamodb:PutItem\",\"dynamodb:DeleteItem\",\"iam:GetRole\",\"iam:CreateRole\",\"iam:DeleteRole\",\"iam:PutRolePolicy\",\"iam:GetRolePolicy\",\"iam:DeleteRolePolicy\",\"iam:PassRole\",\"iam:AttachRolePolicy\",\"iam:DetachRolePolicy\",\"iam:ListAttachedRolePolicies\",\"iam:TagRole\",\"apigateway:*\",\"lambda:*\",\"kinesis:*\",\"glue:*\",\"s3:*\",\"logs:*\",\"ec2:*\",\"vpc:*\",\"states:*\",\"cloudformation:*\",\"kms:*\",\"iam:ListRolePolicies\",\"iam:GetRolePolicy\",\"iam:ListAttachedRolePolicies\",\"iam:GetRole\",\"iam:CreateRole\",\"iam:DeleteRole\",\"iam:AttachRolePolicy\",\"iam:DetachRolePolicy\",\"iam:PutRolePolicy\",\"iam:DeleteRolePolicy\",\"iam:UpdateRole\",\"iam:UpdateRoleDescription\",\"iam:TagRole\",\"iam:UntagRole\",\"iam:PassRole\",\"iam:ListInstanceProfilesForRole\",\"iam:RemoveRoleFromInstanceProfile\"],\"Effect\":\"Allow\",\"Resource\":\"*\"},{\"Action\":\"iam:RemoveRoleFromInstanceProfile\",\"Effect\":\"Allow\",\"Resource\":\"arn:aws:iam::749770058555:instance-profile/clickstream-lakehouse-*\",\"Sid\":\"AllowRemoveFromProfiles\"}],\"Version\":\"2012-10-17\"}",
            "policy_id": "ANPA25EOHFM5UOV6GIE7S",
            "tags": {},
            "tags_all": {}
          },
          "sensitive_attributes": [],
          "identity_schema_version": 0,
          "private": "bnVsbA==",
          "dependencies": [
            "data.aws_caller_identity.current"
          ]
        },
        {
          "index_key": "prod",
          "schema_version": 0,
          "attributes": {
            "arn": "arn:aws:iam::749770058555:policy/prod-GitHubActionsPolicy",
            "attachment_count": 1,
            "description": "Policy for GitHub Actions to deploy resources for prod environment",
            "id": "arn:aws:iam::749770058555:policy/prod-GitHubActionsPolicy",
            "name": "prod-GitHubActionsPolicy",
            "name_prefix": "",
            "path": "/",
            "policy": "{\"Statement\":[{\"Action\":[\"s3:GetObject\",\"s3:PutObject\",\"s3:ListBucket\",\"dynamodb:GetItem\",\"dynamodb:PutItem\",\"dynamodb:DeleteItem\",\"iam:GetRole\",\"iam:CreateRole\",\"iam:DeleteRole\",\"iam:PutRolePolicy\",\"iam:GetRolePolicy\",\"iam:DeleteRolePolicy\",\"iam:PassRole\",\"iam:AttachRolePolicy\",\"iam:DetachRolePolicy\",\"iam:ListAttachedRolePolicies\",\"iam:TagRole\",\"apigateway:*\",\"lambda:*\",\"kinesis:*\",\"glue:*\",\"s3:*\",\"logs:*\",\"ec2:*\",\"vpc:*\",\"states:*\",\"cloudformation:*\",\"kms:*\",\"iam:ListRolePolicies\",\"iam:GetRolePolicy\",\"iam:ListAttachedRolePolicies\",\"iam:GetRole\",\"iam:CreateRole\",\"iam:DeleteRole\",\"iam:AttachRolePolicy\",\"iam:DetachRolePolicy\",\"iam:PutRolePolicy\",\"iam:DeleteRolePolicy\",\"iam:UpdateRole\",\"iam:UpdateRoleDescription\",\"iam:TagRole\",\"iam:UntagRole\",\"iam:PassRole\",\"iam:ListInstanceProfilesForRole\",\"iam:RemoveRoleFromInstanceProfile\"],\"Effect\":\"Allow\",\"Resource\":\"*\"},{\"Action\":\"iam:RemoveRoleFromInstanceProfile\",\"Effect\":\"Allow\",\"Resource\":\"arn:aws:iam::749770058555:instance-profile/clickstream-lakehouse-*\",\"Sid\":\"AllowRemoveFromProfiles\"}],\"Version\":\"2012-10-17\"}",
            "policy_id": "ANPA25EOHFM574ITBSXLG",
            "tags": {},
            "tags_all": {}
          },
          "sensitive_attributes": [],
          "identity_schema_version": 0,
          "private": "bnVsbA==",
          "dependencies": [
            "data.aws_caller_identity.current"
          ]
        },
        {
          "index_key": "staging",
          "schema_version": 0,
          "attributes": {
            "arn": "arn:aws:iam::749770058555:policy/staging-GitHubActionsPolicy",
            "attachment_count": 1,
            "description": "Policy for GitHub Actions to deploy resources for staging environment",
            "id": "arn:aws:iam::749770058555:policy/staging-GitHubActionsPolicy",
            "name": "staging-GitHubActionsPolicy",
            "name_prefix": "",
            "path": "/",
            "policy": "{\"Statement\":[{\"Action\":[\"s3:GetObject\",\"s3:PutObject\",\"s3:ListBucket\",\"dynamodb:GetItem\",\"dynamodb:PutItem\",\"dynamodb:DeleteItem\",\"iam:GetRole\",\"iam:CreateRole\",\"iam:DeleteRole\",\"iam:PutRolePolicy\",\"iam:GetRolePolicy\",\"iam:DeleteRolePolicy\",\"iam:PassRole\",\"iam:AttachRolePolicy\",\"iam:DetachRolePolicy\",\"iam:ListAttachedRolePolicies\",\"iam:TagRole\",\"apigateway:*\",\"lambda:*\",\"kinesis:*\",\"glue:*\",\"s3:*\",\"logs:*\",\"ec2:*\",\"vpc:*\",\"states:*\",\"cloudformation:*\",\"kms:*\",\"iam:ListRolePolicies\",\"iam:GetRolePolicy\",\"iam:ListAttachedRolePolicies\",\"iam:GetRole\",\"iam:CreateRole\",\"iam:DeleteRole\",\"iam:AttachRolePolicy\",\"iam:DetachRolePolicy\",\"iam:PutRolePolicy\",\"iam:DeleteRolePolicy\",\"iam:UpdateRole\",\"iam:UpdateRoleDescription\",\"iam:TagRole\",\"iam:UntagRole\",\"iam:PassRole\",\"iam:ListInstanceProfilesForRole\",\"iam:RemoveRoleFromInstanceProfile\"],\"Effect\":\"Allow\",\"Resource\":\"*\"},{\"Action\":\"iam:RemoveRoleFromInstanceProfile\",\"Effect\":\"Allow\",\"Resource\":\"arn:aws:iam::749770058555:instance-profile/clickstream-lakehouse-*\",\"Sid\":\"AllowRemoveFromProfiles\"}],\"Version\":\"2012-10-17\"}",
            "policy_id": "ANPA25EOHFM53ODSRIQEW",
            "tags": {},
            "tags_all": {}
          },
          "sensitive_attributes": [],
          "identity_schema_version": 0,
          "private": "bnVsbA==",
          "dependencies": [
            "data.aws_caller_identity.current"
          ]
        }
      ]
    },
    {
      "mode": "managed",
      "type": "aws_iam_role",
      "name": "github_actions",
      "provider": "provider[\"registry.terraform.io/hashicorp/aws\"]",
      "instances": [
        {
          "index_key": "dev",
          "schema_version": 0,
          "attributes": {
            "arn": "arn:aws:iam::749770058555:role/dev-GitHubActions",
            "assume_role_policy": "{\"Statement\":[{\"Action\":\"sts:AssumeRoleWithWebIdentity\",\"Condition\":{\"StringEquals\":{\"token.actions.githubusercontent.com:aud\":\"sts.amazonaws.com\"},\"StringLike\":{\"token.actions.githubusercontent.com:sub\":\"repo:waleadekoya/realtime-clickstream-lakehouse:*\"}},\"Effect\":\"Allow\",\"Principal\":{\"Federated\":\"arn:aws:iam::749770058555:oidc-provider/token.actions.githubusercontent.com\"}}],\"Version\":\"2012-10-17\"}",
            "create_date": "2025-05-10T20:07:00Z",
            "description": "",
            "force_detach_policies": false,
            "id": "dev-GitHubActions",
            "inline_policy": [],
            "managed_policy_arns": [
              "arn:aws:iam::749770058555:policy/dev-GitHubActionsPolicy"
            ],
            "max_session_duration": 3600,
            "name": "dev-GitHubActions",
            "name_prefix": "",
            "path": "/",
            "permissions_boundary": "",
            "tags": {
              "Environment": "dev",
              "ManagedBy": "terraform-oidc-setup"
            },
            "tags_all": {
              "Environment": "dev",
              "ManagedBy": "terraform-oidc-setup"
            },
            "unique_id": "AROA25EOHFM56NEILFZOW"
          },
          "sensitive_attributes": [],
          "identity_schema_version": 0,
          "private": "bnVsbA==",
          "dependencies": [
            "aws_iam_openid_connect_provider.github_actions"
          ]
        },
        {
          "index_key": "prod",
          "schema_version": 0,
          "attributes": {
            "arn": "arn:aws:iam::749770058555:role/prod-GitHubActions",
            "assume_role_policy": "{\"Statement\":[{\"Action\":\"sts:AssumeRoleWithWebIdentity\",\"Condition\":{\"StringEquals\":{\"token.actions.githubusercontent.com:aud\":\"sts.amazonaws.com\"},\"StringLike\":{\"token.actions.githubusercontent.com:sub\":\"repo:waleadekoya/realtime-clickstream-lakehouse:*\"}},\"Effect\":\"Allow\",\"Principal\":{\"Federated\":\"arn:aws:iam::749770058555:oidc-provider/token.actions.githubusercontent.com\"}}],\"Version\":\"2012-10-17\"}",
            "create_date": "2025-05-10T20:06:59Z",
            "description": "",
            "force_detach_policies": false,
            "id": "prod-GitHubActions",
            "inline_policy": [],
            "managed_policy_arns": [
              "arn:aws:iam::749770058555:policy/prod-GitHubActionsPolicy"
            ],
            "max_session_duration": 3600,
            "name": "prod-GitHubActions",
            "name_prefix": "",
            "path": "/",
            "permissions_boundary": "",
            "tags": {
              "Environment": "prod",
              "ManagedBy": "terraform-oidc-setup"
            },
            "tags_all": {
              "Environment": "prod",
              "ManagedBy": "terraform-oidc-setup"
            },
            "unique_id": "AROA25EOHFM53QWK7VMEU"
          },
          "sensitive_attributes": [],
          "identity_schema_version": 0,
          "private": "bnVsbA==",
          "dependencies": [
            "aws_iam_openid_connect_provider.github_actions"
          ]
        },
        {
          "index_key": "staging",
          "schema_version": 0,
          "attributes": {
            "arn": "arn:aws:iam::749770058555:role/staging-GitHubActions",
            "assume_role_policy": "{\"Statement\":[{\"Action\":\"sts:AssumeRoleWithWebIdentity\",\"Condition\":{\"StringEquals\":{\"token.actions.githubusercontent.com:aud\":\"sts.amazonaws.com\"},\"StringLike\":{\"token.actions.githubusercontent.com:sub\":\"repo:waleadekoya/realtime-clickstream-lakehouse:*\"}},\"Effect\":\"Allow\",\"Principal\":{\"Federated\":\"arn:aws:iam::749770058555:oidc-provider/token.actions.githubusercontent.com\"}}],\"Version\":\"2012-10-17\"}",
            "create_date": "2025-05-10T20:07:00Z",
            "description": "",
            "force_detach_policies": false,
            "id": "staging-GitHubActions",
            "inline_policy": [],
            "managed_policy_arns": [
              "arn:aws:iam::749770058555:policy/staging-GitHubActionsPolicy"
            ],
            "max_session_duration": 3600,
            "name": "staging-GitHubActions",
            "name_prefix": "",
            "path": "/",
            "permissions_boundary": "",
            "tags": {
              "Environment": "staging",
              "ManagedBy": "terraform-oidc-setup"
            },
            "tags_all": {
              "Environment": "staging",
              "ManagedBy": "terraform-oidc-setup"
            },
            "unique_id": "AROA25EOHFM53FTDV5PAI"
          },
          "sensitive_attributes": [],
          "identity_schema_version": 0,
          "private": "bnVsbA==",
          "dependencies": [
            "aws_iam_openid_connect_provider.github_actions"
          ]
        }
      ]
    },
    {
      "mode": "managed",
      "type": "aws_iam_role_policy_attachment",
      "name": "github_actions",
      "provider": "provider[\"registry.terraform.io/hashicorp/aws\"]",
      "instances": [
        {
          "index_key": "dev",
          "schema_version": 0,
          "attributes": {
            "id": "dev-GitHubActions-20250510200700907300000002",
            "policy_arn": "arn:aws:iam::749770058555:policy/dev-GitHubActionsPolicy",
            "role": "dev-GitHubActions"
          },
          "sensitive_attributes": [],
          "identity_schema_version": 0,
          "private": "bnVsbA==",
          "dependencies": [
            "aws_iam_openid_connect_provider.github_actions",
            "aws_iam_policy.github_actions",
            "aws_iam_role.github_actions",
            "data.aws_caller_identity.current"
          ]
        },
        {
          "index_key": "prod",
          "schema_version": 0,
          "attributes": {
            "id": "prod-GitHubActions-20250510200700858800000001",
            "policy_arn": "arn:aws:iam::749770058555:policy/prod-GitHubActionsPolicy",
            "role": "prod-GitHubActions"
          },
          "sensitive_attributes": [],
          "identity_schema_version": 0,
          "private": "bnVsbA==",
          "dependencies": [
            "aws_iam_openid_connect_provider.github_actions",
            "aws_iam_policy.github_actions",
            "aws_iam_role.github_actions",
            "data.aws_caller_identity.current"
          ]
        },
        {
          "index_key": "staging",
          "schema_version": 0,
          "attributes": {
            "id": "staging-GitHubActions-20250510200700962800000003",
            "policy_arn": "arn:aws:iam::749770058555:policy/staging-GitHubActionsPolicy",
            "role": "staging-GitHubActions"
          },
          "sensitive_attributes": [],
          "identity_schema_version": 0,
          "private": "bnVsbA==",
          "dependencies": [
            "aws_iam_openid_connect_provider.github_actions",
            "aws_iam_policy.github_actions",
            "aws_iam_role.github_actions",
            "data.aws_caller_identity.current"
          ]
        }
      ]
    }
  ],
  "check_results": null
}
